
Microsoft Visual Studio Solution File, Format Version 12.00
# Visual Studio 15
VisualStudioVersion = 15.0.27428.2043
MinimumVisualStudioVersion = 10.0.40219.1
Project("{FAE04EC0-301F-11D3-BF4B-00C04F79EFBC}") = "FlightController", "FlightController\FlightController.csproj", "{161BBD1F-ECA0-403D-9AB7-EFFC883D5599}"
EndProject
Global
	GlobalSection(SolutionConfigurationPlatforms) = preSolution
		Debug|Any CPU = Debug|Any CPU
		Release|Any CPU = Release|Any CPU
	EndGlobalSection
	GlobalSection(ProjectConfigurationPlatforms) = postSolution
		{161BBD1F-ECA0-403D-9AB7-EFFC883D5599}.Debug|Any CPU.ActiveCfg = Debug|Any CPU
		{161BBD1F-ECA0-403D-9AB7-EFFC883D5599}.Debug|Any CPU.Build.0 = Debug|Any CPU
		{161BBD1F-ECA0-403D-9AB7-EFFC883D5599}.Release|Any CPU.ActiveCfg = Release|Any CPU
		{161BBD1F-ECA0-403D-9AB7-EFFC883D5599}.Release|Any CPU.Build.0 = Release|Any CPU
	EndGlobalSection
	GlobalSection(SolutionProperties) = preSolution
		HideSolutionNode = FALSE
	EndGlobalSection
	GlobalSection(ExtensibilityGlobals) = postSolution
		SolutionGuid = {87768392-A15B-4700-B68B-A94F85954A90}
	EndGlobalSection
EndGlobal
